// !$*UTF8*$!
{
	archiveVersion = 1;
	classes = {
	};
	objectVersion = 48;
	objects = {

/* Begin PBXBuildFile section */
		5E328E53203B205F0005C05E /* AppDelegate.swift in Sources */ = {isa = PBXBuildFile; fileRef = 5E328E52203B205F0005C05E /* AppDelegate.swift */; };
		5E328E55203B205F0005C05E /* ViewController.swift in Sources */ = {isa = PBXBuildFile; fileRef = 5E328E54203B205F0005C05E /* ViewController.swift */; };
		5E328E58203B205F0005C05E /* Main.storyboard in Resources */ = {isa = PBXBuildFile; fileRef = 5E328E56203B205F0005C05E /* Main.storyboard */; };
		5E328E5A203B205F0005C05E /* Assets.xcassets in Resources */ = {isa = PBXBuildFile; fileRef = 5E328E59203B205F0005C05E /* Assets.xcassets */; };
		5E328E5D203B205F0005C05E /* LaunchScreen.storyboard in Resources */ = {isa = PBXBuildFile; fileRef = 5E328E5B203B205F0005C05E /* LaunchScreen.storyboard */; };
		5E328E68203B205F0005C05E /* CryptocurvesTests.swift in Sources */ = {isa = PBXBuildFile; fileRef = 5E328E67203B205F0005C05E /* CryptocurvesTests.swift */; };
		5E328E73203B205F0005C05E /* CryptocurvesUITests.swift in Sources */ = {isa = PBXBuildFile; fileRef = 5E328E72203B205F0005C05E /* CryptocurvesUITests.swift */; };
/* End PBXBuildFile section */

/* Begin PBXContainerItemProxy section */
		5E328E64203B205F0005C05E /* PBXContainerItemProxy */ = {
			isa = PBXContainerItemProxy;
			containerPortal = 5E328E47203B205E0005C05E /* Project object */;
			proxyType = 1;
			remoteGlobalIDString = 5E328E4E203B205E0005C05E;
			remoteInfo = Cryptocurves;
		};
		5E328E6F203B205F0005C05E /* PBXContainerItemProxy */ = {
			isa = PBXContainerItemProxy;
			containerPortal = 5E328E47203B205E0005C05E /* Project object */;
			proxyType = 1;
			remoteGlobalIDString = 5E328E4E203B205E0005C05E;
			remoteInfo = Cryptocurves;
		};
/* End PBXContainerItemProxy section */

/* Begin PBXFileReference section */
		5E328E4F203B205E0005C05E /* Cryptocurves.app */ = {isa = PBXFileReference; explicitFileType = wrapper.application; includeInIndex = 0; path = Cryptocurves.app; sourceTree = BUILT_PRODUCTS_DIR; };
		5E328E52203B205F0005C05E /* AppDelegate.swift */ = {isa = PBXFileReference; lastKnownFileType = sourcecode.swift; path = AppDelegate.swift; sourceTree = "<group>"; };
		5E328E54203B205F0005C05E /* ViewController.swift */ = {isa = PBXFileReference; lastKnownFileType = sourcecode.swift; path = ViewController.swift; sourceTree = "<group>"; };
		5E328E57203B205F0005C05E /* Base */ = {isa = PBXFileReference; lastKnownFileType = file.storyboard; name = Base; path = Base.lproj/Main.storyboard; sourceTree = "<group>"; };
		5E328E59203B205F0005C05E /* Assets.xcassets */ = {isa = PBXFileReference; lastKnownFileType = folder.assetcatalog; path = Assets.xcassets; sourceTree = "<group>"; };
		5E328E5C203B205F0005C05E /* Base */ = {isa = PBXFileReference; lastKnownFileType = file.storyboard; name = Base; path = Base.lproj/LaunchScreen.storyboard; sourceTree = "<group>"; };
		5E328E5E203B205F0005C05E /* Info.plist */ = {isa = PBXFileReference; lastKnownFileType = text.plist.xml; path = Info.plist; sourceTree = "<group>"; };
		5E328E63203B205F0005C05E /* CryptocurvesTests.xctest */ = {isa = PBXFileReference; explicitFileType = wrapper.cfbundle; includeInIndex = 0; path = CryptocurvesTests.xctest; sourceTree = BUILT_PRODUCTS_DIR; };
		5E328E67203B205F0005C05E /* CryptocurvesTests.swift */ = {isa = PBXFileReference; lastKnownFileType = sourcecode.swift; path = CryptocurvesTests.swift; sourceTree = "<group>"; };
		5E328E69203B205F0005C05E /* Info.plist */ = {isa = PBXFileReference; lastKnownFileType = text.plist.xml; path = Info.plist; sourceTree = "<group>"; };
		5E328E6E203B205F0005C05E /* CryptocurvesUITests.xctest */ = {isa = PBXFileReference; explicitFileType = wrapper.cfbundle; includeInIndex = 0; path = CryptocurvesUITests.xctest; sourceTree = BUILT_PRODUCTS_DIR; };
		5E328E72203B205F0005C05E /* CryptocurvesUITests.swift */ = {isa = PBXFileReference; lastKnownFileType = sourcecode.swift; path = CryptocurvesUITests.swift; sourceTree = "<group>"; };
		5E328E74203B205F0005C05E /* Info.plist */ = {isa = PBXFileReference; lastKnownFileType = text.plist.xml; path = Info.plist; sourceTree = "<group>"; };
/* End PBXFileReference section */

/* Begin PBXFrameworksBuildPhase section */
		5E328E4C203B205E0005C05E /* Frameworks */ = {
			isa = PBXFrameworksBuildPhase;
			buildActionMask = 2147483647;
			files = (
			);
			runOnlyForDeploymentPostprocessing = 0;
		};
		5E328E60203B205F0005C05E /* Frameworks */ = {
			isa = PBXFrameworksBuildPhase;
			buildActionMask = 2147483647;
			files = (
			);
			runOnlyForDeploymentPostprocessing = 0;
		};
		5E328E6B203B205F0005C05E /* Frameworks */ = {
			isa = PBXFrameworksBuildPhase;
			buildActionMask = 2147483647;
			files = (
			);
			runOnlyForDeploymentPostprocessing = 0;
		};
/* End PBXFrameworksBuildPhase section */

/* Begin PBXGroup section */
		5E328E46203B205E0005C05E = {
			isa = PBXGroup;
			children = (
				5E328E51203B205F0005C05E /* Cryptocurves */,
				5E328E66203B205F0005C05E /* CryptocurvesTests */,
				5E328E71203B205F0005C05E /* CryptocurvesUITests */,
				5E328E50203B205E0005C05E /* Products */,
			);
			sourceTree = "<group>";
		};
		5E328E50203B205E0005C05E /* Products */ = {
			isa = PBXGroup;
			children = (
				5E328E4F203B205E0005C05E /* Cryptocurves.app */,
				5E328E63203B205F0005C05E /* CryptocurvesTests.xctest */,
				5E328E6E203B205F0005C05E /* CryptocurvesUITests.xctest */,
			);
			name = Products;
			sourceTree = "<group>";
		};
		5E328E51203B205F0005C05E /* Cryptocurves */ = {
			isa = PBXGroup;
			children = (
				5E328E52203B205F0005C05E /* AppDelegate.swift */,
				5E328E54203B205F0005C05E /* ViewController.swift */,
				5E328E56203B205F0005C05E /* Main.storyboard */,
				5E328E59203B205F0005C05E /* Assets.xcassets */,
				5E328E5B203B205F0005C05E /* LaunchScreen.storyboard */,
				5E328E5E203B205F0005C05E /* Info.plist */,
			);
			path = Cryptocurves;
			sourceTree = "<group>";
		};
		5E328E66203B205F0005C05E /* CryptocurvesTests */ = {
			isa = PBXGroup;
			children = (
				5E328E67203B205F0005C05E /* CryptocurvesTests.swift */,
				5E328E69203B205F0005C05E /* Info.plist */,
			);
			path = CryptocurvesTests;
			sourceTree = "<group>";
		};
		5E328E71203B205F0005C05E /* CryptocurvesUITests */ = {
			isa = PBXGroup;
			children = (
				5E328E72203B205F0005C05E /* CryptocurvesUITests.swift */,
				5E328E74203B205F0005C05E /* Info.plist */,
			);
			path = CryptocurvesUITests;
			sourceTree = "<group>";
		};
/* End PBXGroup section */

/* Begin PBXNativeTarget section */
		5E328E4E203B205E0005C05E /* Cryptocurves */ = {
			isa = PBXNativeTarget;
			buildConfigurationList = 5E328E77203B205F0005C05E /* Build configuration list for PBXNativeTarget "Cryptocurves" */;
			buildPhases = (
				5E328E4B203B205E0005C05E /* Sources */,
				5E328E4C203B205E0005C05E /* Frameworks */,
				5E328E4D203B205E0005C05E /* Resources */,
			);
			buildRules = (
			);
			dependencies = (
			);
			name = Cryptocurves;
			productName = Cryptocurves;
			productReference = 5E328E4F203B205E0005C05E /* Cryptocurves.app */;
			productType = "com.apple.product-type.application";
		};
		5E328E62203B205F0005C05E /* CryptocurvesTests */ = {
			isa = PBXNativeTarget;
			buildConfigurationList = 5E328E7A203B205F0005C05E /* Build configuration list for PBXNativeTarget "CryptocurvesTests" */;
			buildPhases = (
				5E328E5F203B205F0005C05E /* Sources */,
				5E328E60203B205F0005C05E /* Frameworks */,
				5E328E61203B205F0005C05E /* Resources */,
			);
			buildRules = (
			);
			dependencies = (
				5E328E65203B205F0005C05E /* PBXTargetDependency */,
			);
			name = CryptocurvesTests;
			productName = CryptocurvesTests;
			productReference = 5E328E63203B205F0005C05E /* CryptocurvesTests.xctest */;
			productType = "com.apple.product-type.bundle.unit-test";
		};
		5E328E6D203B205F0005C05E /* CryptocurvesUITests */ = {
			isa = PBXNativeTarget;
			buildConfigurationList = 5E328E7D203B205F0005C05E /* Build configuration list for PBXNativeTarget "CryptocurvesUITests" */;
			buildPhases = (
				5E328E6A203B205F0005C05E /* Sources */,
				5E328E6B203B205F0005C05E /* Frameworks */,
				5E328E6C203B205F0005C05E /* Resources */,
			);
			buildRules = (
			);
			dependencies = (
				5E328E70203B205F0005C05E /* PBXTargetDependency */,
			);
			name = CryptocurvesUITests;
			productName = CryptocurvesUITests;
			productReference = 5E328E6E203B205F0005C05E /* CryptocurvesUITests.xctest */;
			productType = "com.apple.product-type.bundle.ui-testing";
		};
/* End PBXNativeTarget section */

/* Begin PBXProject section */
		5E328E47203B205E0005C05E /* Project object */ = {
			isa = PBXProject;
			attributes = {
				LastSwiftUpdateCheck = 0920;
				LastUpgradeCheck = 0920;
				ORGANIZATIONNAME = "Fen Apnu";
				TargetAttributes = {
					5E328E4E203B205E0005C05E = {
						CreatedOnToolsVersion = 9.2;
						ProvisioningStyle = Automatic;
					};
					5E328E62203B205F0005C05E = {
						CreatedOnToolsVersion = 9.2;
						ProvisioningStyle = Automatic;
						TestTargetID = 5E328E4E203B205E0005C05E;
					};
					5E328E6D203B205F0005C05E = {
						CreatedOnToolsVersion = 9.2;
						ProvisioningStyle = Automatic;
						TestTargetID = 5E328E4E203B205E0005C05E;
					};
				};
			};
			buildConfigurationList = 5E328E4A203B205E0005C05E /* Build configuration list for PBXProject "Cryptocurves" */;
			compatibilityVersion = "Xcode 8.0";
			developmentRegion = en;
			hasScannedForEncodings = 0;
			knownRegions = (
				en,
				Base,
			);
			mainGroup = 5E328E46203B205E0005C05E;
			productRefGroup = 5E328E50203B205E0005C05E /* Products */;
			projectDirPath = "";
			projectRoot = "";
			targets = (
				5E328E4E203B205E0005C05E /* Cryptocurves */,
				5E328E62203B205F0005C05E /* CryptocurvesTests */,
				5E328E6D203B205F0005C05E /* CryptocurvesUITests */,
			);
		};
/* End PBXProject section */

/* Begin PBXResourcesBuildPhase section */
		5E328E4D203B205E0005C05E /* Resources */ = {
			isa = PBXResourcesBuildPhase;
			buildActionMask = 2147483647;
			files = (
				5E328E5D203B205F0005C05E /* LaunchScreen.storyboard in Resources */,
				5E328E5A203B205F0005C05E /* Assets.xcassets in Resources */,
				5E328E58203B205F0005C05E /* Main.storyboard in Resources */,
			);
			runOnlyForDeploymentPostprocessing = 0;
		};
		5E328E61203B205F0005C05E /* Resources */ = {
			isa = PBXResourcesBuildPhase;
			buildActionMask = 2147483647;
			files = (
			);
			runOnlyForDeploymentPostprocessing = 0;
		};
		5E328E6C203B205F0005C05E /* Resources */ = {
			isa = PBXResourcesBuildPhase;
			buildActionMask = 2147483647;
			files = (
			);
			runOnlyForDeploymentPostprocessing = 0;
		};
/* End PBXResourcesBuildPhase section */

/* Begin PBXSourcesBuildPhase section */
		5E328E4B203B205E0005C05E /* Sources */ = {
			isa = PBXSourcesBuildPhase;
			buildActionMask = 2147483647;
			files = (
				5E328E55203B205F0005C05E /* ViewController.swift in Sources */,
				5E328E53203B205F0005C05E /* AppDelegate.swift in Sources */,
			);
			runOnlyForDeploymentPostprocessing = 0;
		};
		5E328E5F203B205F0005C05E /* Sources */ = {
			isa = PBXSourcesBuildPhase;
			buildActionMask = 2147483647;
			files = (
				5E328E68203B205F0005C05E /* CryptocurvesTests.swift in Sources */,
			);
			runOnlyForDeploymentPostprocessing = 0;
		};
		5E328E6A203B205F0005C05E /* Sources */ = {
			isa = PBXSourcesBuildPhase;
			buildActionMask = 2147483647;
			files = (
				5E328E73203B205F0005C05E /* CryptocurvesUITests.swift in Sources */,
			);
			runOnlyForDeploymentPostprocessing = 0;
		};
/* End PBXSourcesBuildPhase section */

/* Begin PBXTargetDependency section */
		5E328E65203B205F0005C05E /* PBXTargetDependency */ = {
			isa = PBXTargetDependency;
			target = 5E328E4E203B205E0005C05E /* Cryptocurves */;
			targetProxy = 5E328E64203B205F0005C05E /* PBXContainerItemProxy */;
		};
		5E328E70203B205F0005C05E /* PBXTargetDependency */ = {
			isa = PBXTargetDependency;
			target = 5E328E4E203B205E0005C05E /* Cryptocurves */;
			targetProxy = 5E328E6F203B205F0005C05E /* PBXContainerItemProxy */;
		};
/* End PBXTargetDependency section */

/* Begin PBXVariantGroup section */
		5E328E56203B205F0005C05E /* Main.storyboard */ = {
			isa = PBXVariantGroup;
			children = (
				5E328E57203B205F0005C05E /* Base */,
			);
			name = Main.storyboard;
			sourceTree = "<group>";
		};
		5E328E5B203B205F0005C05E /* LaunchScreen.storyboard */ = {
			isa = PBXVariantGroup;
			children = (
				5E328E5C203B205F0005C05E /* Base */,
			);
			name = LaunchScreen.storyboard;
			sourceTree = "<group>";
		};
/* End PBXVariantGroup section */

/* Begin XCBuildConfiguration section */
		5E328E75203B205F0005C05E /* Debug */ = {
			isa = XCBuildConfiguration;
			buildSettings = {
				ALWAYS_SEARCH_USER_PATHS = NO;
				CLANG_ANALYZER_NONNULL = YES;
				CLANG_ANALYZER_NUMBER_OBJECT_CONVERSION = YES_AGGRESSIVE;
				CLANG_CXX_LANGUAGE_STANDARD = "gnu++14";
				CLANG_CXX_LIBRARY = "libc++";
				CLANG_ENABLE_MODULES = YES;
				CLANG_ENABLE_OBJC_ARC = YES;
				CLANG_WARN_BLOCK_CAPTURE_AUTORELEASING = YES;
				CLANG_WARN_BOOL_CONVERSION = YES;
				CLANG_WARN_COMMA = YES;
				CLANG_WARN_CONSTANT_CONVERSION = YES;
				CLANG_WARN_DIRECT_OBJC_ISA_USAGE = YES_ERROR;
				CLANG_WARN_DOCUMENTATION_COMMENTS = YES;
				CLANG_WARN_EMPTY_BODY = YES;
				CLANG_WARN_ENUM_CONVERSION = YES;
				CLANG_WARN_INFINITE_RECURSION = YES;
				CLANG_WARN_INT_CONVERSION = YES;
				CLANG_WARN_NON_LITERAL_NULL_CONVERSION = YES;
				CLANG_WARN_OBJC_LITERAL_CONVERSION = YES;
				CLANG_WARN_OBJC_ROOT_CLASS = YES_ERROR;
				CLANG_WARN_RANGE_LOOP_ANALYSIS = YES;
				CLANG_WARN_STRICT_PROTOTYPES = YES;
				CLANG_WARN_SUSPICIOUS_MOVE = YES;
				CLANG_WARN_UNGUARDED_AVAILABILITY = YES_AGGRESSIVE;
				CLANG_WARN_UNREACHABLE_CODE = YES;
				CLANG_WARN__DUPLICATE_METHOD_MATCH = YES;
				CODE_SIGN_IDENTITY = "iPhone Developer";
				COPY_PHASE_STRIP = NO;
				DEBUG_INFORMATION_FORMAT = dwarf;
				ENABLE_STRICT_OBJC_MSGSEND = YES;
				ENABLE_TESTABILITY = YES;
				GCC_C_LANGUAGE_STANDARD = gnu11;
				GCC_DYNAMIC_NO_PIC = NO;
				GCC_NO_COMMON_BLOCKS = YES;
				GCC_OPTIMIZATION_LEVEL = 0;
				GCC_PREPROCESSOR_DEFINITIONS = (
					"DEBUG=1",
					"$(inherited)",
				);
				GCC_WARN_64_TO_32_BIT_CONVERSION = YES;
				GCC_WARN_ABOUT_RETURN_TYPE = YES_ERROR;
				GCC_WARN_UNDECLARED_SELECTOR = YES;
				GCC_WARN_UNINITIALIZED_AUTOS = YES_AGGRESSIVE;
				GCC_WARN_UNUSED_FUNCTION = YES;
				GCC_WARN_UNUSED_VARIABLE = YES;
				IPHONEOS_DEPLOYMENT_TARGET = 11.2;
				MTL_ENABLE_DEBUG_INFO = YES;
				ONLY_ACTIVE_ARCH = YES;
				SDKROOT = iphoneos;
				SWIFT_ACTIVE_COMPILATION_CONDITIONS = DEBUG;
				SWIFT_OPTIMIZATION_LEVEL = "-Onone";
			};
			name = Debug;
		};
		5E328E76203B205F0005C05E /* Release */ = {
			isa = XCBuildConfiguration;
			buildSettings = {
				ALWAYS_SEARCH_USER_PATHS = NO;
				CLANG_ANALYZER_NONNULL = YES;
				CLANG_ANALYZER_NUMBER_OBJECT_CONVERSION = YES_AGGRESSIVE;
				CLANG_CXX_LANGUAGE_STANDARD = "gnu++14";
				CLANG_CXX_LIBRARY = "libc++";
				CLANG_ENABLE_MODULES = YES;
				CLANG_ENABLE_OBJC_ARC = YES;
				CLANG_WARN_BLOCK_CAPTURE_AUTORELEASING = YES;
				CLANG_WARN_BOOL_CONVERSION = YES;
				CLANG_WARN_COMMA = YES;
				CLANG_WARN_CONSTANT_CONVERSION = YES;
				CLANG_WARN_DIRECT_OBJC_ISA_USAGE = YES_ERROR;
				CLANG_WARN_DOCUMENTATION_COMMENTS = YES;
				CLANG_WARN_EMPTY_BODY = YES;
				CLANG_WARN_ENUM_CONVERSION = YES;
				CLANG_WARN_INFINITE_RECURSION = YES;
				CLANG_WARN_INT_CONVERSION = YES;
				CLANG_WARN_NON_LITERAL_NULL_CONVERSION = YES;
				CLANG_WARN_OBJC_LITERAL_CONVERSION = YES;
				CLANG_WARN_OBJC_ROOT_CLASS = YES_ERROR;
				CLANG_WARN_RANGE_LOOP_ANALYSIS = YES;
				CLANG_WARN_STRICT_PROTOTYPES = YES;
				CLANG_WARN_SUSPICIOUS_MOVE = YES;
				CLANG_WARN_UNGUARDED_AVAILABILITY = YES_AGGRESSIVE;
				CLANG_WARN_UNREACHABLE_CODE = YES;
				CLANG_WARN__DUPLICATE_METHOD_MATCH = YES;
				CODE_SIGN_IDENTITY = "iPhone Developer";
				COPY_PHASE_STRIP = NO;
				DEBUG_INFORMATION_FORMAT = "dwarf-with-dsym";
				ENABLE_NS_ASSERTIONS = NO;
				ENABLE_STRICT_OBJC_MSGSEND = YES;
				GCC_C_LANGUAGE_STANDARD = gnu11;
				GCC_NO_COMMON_BLOCKS = YES;
				GCC_WARN_64_TO_32_BIT_CONVERSION = YES;
				GCC_WARN_ABOUT_RETURN_TYPE = YES_ERROR;
				GCC_WARN_UNDECLARED_SELECTOR = YES;
				GCC_WARN_UNINITIALIZED_AUTOS = YES_AGGRESSIVE;
				GCC_WARN_UNUSED_FUNCTION = YES;
				GCC_WARN_UNUSED_VARIABLE = YES;
				IPHONEOS_DEPLOYMENT_TARGET = 11.2;
				MTL_ENABLE_DEBUG_INFO = NO;
				SDKROOT = iphoneos;
				SWIFT_OPTIMIZATION_LEVEL = "-Owholemodule";
				VALIDATE_PRODUCT = YES;
			};
			name = Release;
		};
		5E328E78203B205F0005C05E /* Debug */ = {
			isa = XCBuildConfiguration;
			buildSettings = {
				ASSETCATALOG_COMPILER_APPICON_NAME = AppIcon;
				CODE_SIGN_STYLE = Automatic;
				DEVELOPMENT_TEAM = YKN8DC38G3;
				INFOPLIST_FILE = Cryptocurves/Info.plist;
				LD_RUNPATH_SEARCH_PATHS = "$(inherited) @executable_path/Frameworks";
				PRODUCT_BUNDLE_IDENTIFIER = com.fenapnu.cryptocurves;
				PRODUCT_NAME = "$(TARGET_NAME)";
				SWIFT_VERSION = 4.0;
				TARGETED_DEVICE_FAMILY = "1,2";
			};
			name = Debug;
		};
		5E328E79203B205F0005C05E /* Release */ = {
			isa = XCBuildConfiguration;
			buildSettings = {
				ASSETCATALOG_COMPILER_APPICON_NAME = AppIcon;
				CODE_SIGN_STYLE = Automatic;
				DEVELOPMENT_TEAM = YKN8DC38G3;
				INFOPLIST_FILE = Cryptocurves/Info.plist;
				LD_RUNPATH_SEARCH_PATHS = "$(inherited) @executable_path/Frameworks";
				PRODUCT_BUNDLE_IDENTIFIER = com.fenapnu.cryptocurves;
				PRODUCT_NAME = "$(TARGET_NAME)";
				SWIFT_VERSION = 4.0;
				TARGETED_DEVICE_FAMILY = "1,2";
			};
			name = Release;
		};
		5E328E7B203B205F0005C05E /* Debug */ = {
			isa = XCBuildConfiguration;
			buildSettings = {
				ALWAYS_EMBED_SWIFT_STANDARD_LIBRARIES = YES;
				BUNDLE_LOADER = "$(TEST_HOST)";
				CODE_SIGN_STYLE = Automatic;
				DEVELOPMENT_TEAM = YKN8DC38G3;
				INFOPLIST_FILE = CryptocurvesTests/Info.plist;
				LD_RUNPATH_SEARCH_PATHS = "$(inherited) @executable_path/Frameworks @loader_path/Frameworks";
				PRODUCT_BUNDLE_IDENTIFIER = com.fenapnu.cryptocurves.CryptocurvesTests;
				PRODUCT_NAME = "$(TARGET_NAME)";
				SWIFT_VERSION = 4.0;
				TARGETED_DEVICE_FAMILY = "1,2";
				TEST_HOST = "$(BUILT_PRODUCTS_DIR)/Cryptocurves.app/Cryptocurves";
			};
			name = Debug;
		};
		5E328E7C203B205F0005C05E /* Release */ = {
			isa = XCBuildConfiguration;
			buildSettings = {
				ALWAYS_EMBED_SWIFT_STANDARD_LIBRARIES = YES;
				BUNDLE_LOADER = "$(TEST_HOST)";
				CODE_SIGN_STYLE = Automatic;
				DEVELOPMENT_TEAM = YKN8DC38G3;
				INFOPLIST_FILE = CryptocurvesTests/Info.plist;
				LD_RUNPATH_SEARCH_PATHS = "$(inherited) @executable_path/Frameworks @loader_path/Frameworks";
				PRODUCT_BUNDLE_IDENTIFIER = com.fenapnu.cryptocurves.CryptocurvesTests;
				PRODUCT_NAME = "$(TARGET_NAME)";
				SWIFT_VERSION = 4.0;
				TARGETED_DEVICE_FAMILY = "1,2";
				TEST_HOST = "$(BUILT_PRODUCTS_DIR)/Cryptocurves.app/Cryptocurves";
			};
			name = Release;
		};
		5E328E7E203B205F0005C05E /* Debug */ = {
			isa = XCBuildConfiguration;
			buildSettings = {
				ALWAYS_EMBED_SWIFT_STANDARD_LIBRARIES = YES;
				CODE_SIGN_STYLE = Automatic;
				DEVELOPMENT_TEAM = YKN8DC38G3;
				INFOPLIST_FILE = CryptocurvesUITests/Info.plist;
				LD_RUNPATH_SEARCH_PATHS = "$(inherited) @executable_path/Frameworks @loader_path/Frameworks";
				PRODUCT_BUNDLE_IDENTIFIER = com.fenapnu.cryptocurves.CryptocurvesUITests;
				PRODUCT_NAME = "$(TARGET_NAME)";
				SWIFT_VERSION = 4.0;
				TARGETED_DEVICE_FAMILY = "1,2";
				TEST_TARGET_NAME = Cryptocurves;
			};
			name = Debug;
		};
		5E328E7F203B205F0005C05E /* Release */ = {
			isa = XCBuildConfiguration;
			buildSettings = {
				ALWAYS_EMBED_SWIFT_STANDARD_LIBRARIES = YES;
				CODE_SIGN_STYLE = Automatic;
				DEVELOPMENT_TEAM = YKN8DC38G3;
				INFOPLIST_FILE = CryptocurvesUITests/Info.plist;
				LD_RUNPATH_SEARCH_PATHS = "$(inherited) @executable_path/Frameworks @loader_path/Frameworks";
				PRODUCT_BUNDLE_IDENTIFIER = com.fenapnu.cryptocurves.CryptocurvesUITests;
				PRODUCT_NAME = "$(TARGET_NAME)";
				SWIFT_VERSION = 4.0;
				TARGETED_DEVICE_FAMILY = "1,2";
				TEST_TARGET_NAME = Cryptocurves;
			};
			name = Release;
		};
/* End XCBuildConfiguration section */

/* Begin XCConfigurationList section */
		5E328E4A203B205E0005C05E /* Build configuration list for PBXProject "Cryptocurves" */ = {
			isa = XCConfigurationList;
			buildConfigurations = (
				5E328E75203B205F0005C05E /* Debug */,
				5E328E76203B205F0005C05E /* Release */,
			);
			defaultConfigurationIsVisible = 0;
			defaultConfigurationName = Release;
		};
		5E328E77203B205F0005C05E /* Build configuration list for PBXNativeTarget "Cryptocurves" */ = {
			isa = XCConfigurationList;
			buildConfigurations = (
				5E328E78203B205F0005C05E /* Debug */,
				5E328E79203B205F0005C05E /* Release */,
			);
			defaultConfigurationIsVisible = 0;
			defaultConfigurationName = Release;
		};
		5E328E7A203B205F0005C05E /* Build configuration list for PBXNativeTarget "CryptocurvesTests" */ = {
			isa = XCConfigurationList;
			buildConfigurations = (
				5E328E7B203B205F0005C05E /* Debug */,
				5E328E7C203B205F0005C05E /* Release */,
			);
			defaultConfigurationIsVisible = 0;
			defaultConfigurationName = Release;
		};
		5E328E7D203B205F0005C05E /* Build configuration list for PBXNativeTarget "CryptocurvesUITests" */ = {
			isa = XCConfigurationList;
			buildConfigurations = (
				5E328E7E203B205F0005C05E /* Debug */,
				5E328E7F203B205F0005C05E /* Release */,
			);
			defaultConfigurationIsVisible = 0;
			defaultConfigurationName = Release;
		};
/* End XCConfigurationList section */
	};
	rootObject = 5E328E47203B205E0005C05E /* Project object */;
}
